{
  "nodes": {
    "home-manager": {
      "inputs": {
        "nixpkgs": [
          "nixpkgs"
        ]
      },
      "locked": {
        "lastModified": 1618041827,
        "narHash": "sha256-17Fzc8rmT6HOarCp+8k9RhmgMorNtzTk/rzew+FqHrA=",
        "owner": "nix-community",
        "repo": "home-manager",
        "rev": "f567ea8228e0ce718871d7346e444dd15ad702e5",
        "type": "github"
      },
      "original": {
        "owner": "nix-community",
        "repo": "home-manager",
        "type": "github"
      }
    },
    "nixos-hardware": {
      "locked": {
        "lastModified": 1617690895,
        "narHash": "sha256-5TUizPI+ibn/LBzevTIIyIZ1XeLl3HU0PTRk7H6AKTQ=",
        "owner": "NixOS",
        "repo": "nixos-hardware",
        "rev": "7c00c8b5cab5dedb6519eabba7ca6d069e2dfdae",
        "type": "github"
      },
      "original": {
        "owner": "NixOS",
        "ref": "master",
        "repo": "nixos-hardware",
        "type": "github"
      }
    },
    "nixpkgs": {
      "locked": {
        "lastModified": 1617899217,
        "narHash": "sha256-gd5JHH7IkeoIQ/oiGZSqDpGdGt7DMRJTQ8JiD8+hdOQ=",
        "owner": "NixOS",
        "repo": "nixpkgs",
        "rev": "9e377a6ce42dccd9b624ae4ce8f978dc892ba0e2",
        "type": "github"
      },
      "original": {
        "owner": "NixOS",
        "ref": "nixos-unstable",
        "repo": "nixpkgs",
        "type": "github"
      }
    },
    "root": {
      "inputs": {
        "home-manager": "home-manager",
        "nixos-hardware": "nixos-hardware",
        "nixpkgs": "nixpkgs"
      }
    }
  },
  "root": "root",
  "version": 7
}
